# This file is autogenerated, do not edit; changes may be undone by the next 'dep ensure'.


[[projects]]
  name = "github.com/AkihiroSuda/go-netfilter-queue"
  packages = ["."]
  revision = "28613130fef610df5fd4942e1ad89bb7d12b86bd"

[[projects]]
  name = "github.com/gobuffalo/packr"
  packages = ["."]
  revision = "bd47f2894846e32edcf9aa37290fef76c327883f"
  version = "v1.11.1"

[[projects]]
  name = "github.com/google/gopacket"
  packages = [
    ".",
    "layers"
  ]
  revision = "11c65f1ca9081dfea43b4f9643f5c155583b73ba"
  version = "v1.1.14"

[[projects]]
  name = "github.com/pkg/errors"
  packages = ["."]
  revision = "645ef00459ed84a119197bfb8d8205042c6df63d"
  version = "v0.8.0"

[[projects]]
  name = "github.com/zubairhamed/canopus"
  packages = ["."]
  revision = "e374f5b1a0f335982a91a13b396504c4e1be4961"

[solve-meta]
  analyzer-name = "dep"
  analyzer-version = 1
  inputs-digest = "3c0be058d5f70fe5104e6e7f9dae83f8320d30e1e0ff1c0ac314b34ed2341f2c"
  solver-name = "gps-cdcl"
  solver-version = 1
