# This file is autogenerated, do not edit; changes may be undone by the next 'dep ensure'.


[[projects]]
  name = "github.com/AkihiroSuda/go-netfilter-queue"
  packages = ["."]
  revision = "28613130fef610df5fd4942e1ad89bb7d12b86bd"

[[projects]]
  name = "github.com/google/gopacket"
  packages = [
    ".",
    "layers"
  ]
  revision = "11c65f1ca9081dfea43b4f9643f5c155583b73ba"
  version = "v1.1.14"

[[projects]]
  name = "github.com/zubairhamed/canopus"
  packages = ["."]
  revision = "e374f5b1a0f335982a91a13b396504c4e1be4961"

[[projects]]
  branch = "master"
  name = "golang.org/x/net"
  packages = [
    "bpf",
    "internal/iana",
    "internal/socket",
    "ipv6"
  ]
  revision = "1e491301e022f8f977054da4c2d852decd59571f"

[solve-meta]
  analyzer-name = "dep"
  analyzer-version = 1
  inputs-digest = "e9e0158dd8111c77b03314402cddebd62e155d77e46b0a8e7fbef651094a5b54"
  solver-name = "gps-cdcl"
  solver-version = 1
